{
	"name": "cdk",
	"version": "0.1.1",
	"lockfileVersion": 2,
	"requires": true,
	"packages": {
		"": {
			"version": "0.1.0",
			"license": "Apache-2.0",
			"devDependencies": {
				"@types/verror": "^1.10.5"
			},
			"engines": {
				"node": ">=14.5"
			}
		},
		"node_modules/@types/verror": {
			"version": "1.10.5",
			"resolved": "https://registry.npmjs.org/@types/verror/-/verror-1.10.5.tgz",
			"integrity": "sha512-9UjMCHK5GPgQRoNbqdLIAvAy0EInuiqbW0PBMtVP6B5B2HQJlvoJHM+KodPZMEjOa5VkSc+5LH7xy+cUzQdmHw==",
			"dev": true
		}
	},
	"dependencies": {
		"@types/verror": {
			"version": "1.10.5",
			"resolved": "https://registry.npmjs.org/@types/verror/-/verror-1.10.5.tgz",
			"integrity": "sha512-9UjMCHK5GPgQRoNbqdLIAvAy0EInuiqbW0PBMtVP6B5B2HQJlvoJHM+KodPZMEjOa5VkSc+5LH7xy+cUzQdmHw==",
			"dev": true
		}
	}
}
